{
  "name": "consulting19-monorepo",
  "lockfileVersion": 3,
  "requires": true,
  "packages": {
    "": {
      "name": "consulting19-monorepo",
      "dependencies": {
        "react-helmet-async": "^2.0.5"
      },
      "devDependencies": {
        "@types/node": "^20.0.0",
        "typescript": "^5.2.2"
      }
    },
    "apps/admin-dashboard": {
      "name": "@consulting19/admin-dashboard",
      "version": "0.0.0",
      "extraneous": true,
      "dependencies": {
        "react": "^18.3.1",
        "react-dom": "^18.3.1"
      },
      "devDependencies": {
        "@types/react": "^18.3.5",
        "@types/react-dom": "^18.3.0",
        "@typescript-eslint/eslint-plugin": "^6.14.0",
        "@typescript-eslint/parser": "^6.14.0",
        "@vitejs/plugin-react": "^4.3.1",
        "autoprefixer": "^10.4.18",
        "eslint": "^8.55.0",
        "eslint-plugin-react-hooks": "^4.6.0",
        "eslint-plugin-react-refresh": "^0.4.5",
        "postcss": "^8.4.35",
        "tailwindcss": "^3.4.1",
        "typescript": "^5.2.2",
        "vite": "^5.4.2"
      }
    },
    "apps/client-dashboard": {
      "name": "@consulting19/client-dashboard",
      "version": "0.0.0",
      "extraneous": true,
      "dependencies": {
        "lucide-react": "^0.439.0",
        "react": "^18.3.1",
        "react-dom": "^18.3.1",
        "react-router-dom": "^6.26.1"
      },
      "devDependencies": {
        "@types/react": "^18.3.3",
        "@types/react-dom": "^18.3.0",
        "@vitejs/plugin-react": "^4.3.1",
        "autoprefixer": "^10.4.20",
        "postcss": "^8.4.41",
        "tailwindcss": "^3.4.10",
        "typescript": "^5.5.3",
        "vite": "^5.4.1"
      }
    },
    "apps/consultant-dashboard": {
      "name": "@consulting19/consultant-dashboard",
      "version": "0.0.0",
      "extraneous": true,
      "dependencies": {
        "@consulting19/shared": "file:../../packages/shared",
        "@consulting19/supabase": "file:../../packages/supabase-client",
        "@consulting19/ui": "file:../../packages/ui",
        "lucide-react": "^0.344.0",
        "react": "^18.3.1",
        "react-dom": "^18.3.1",
        "react-router-dom": "^7.8.2"
      },
      "devDependencies": {
        "@types/react": "^18.3.5",
        "@types/react-dom": "^18.3.0",
        "@typescript-eslint/eslint-plugin": "^6.14.0",
        "@typescript-eslint/parser": "^6.14.0",
        "@vitejs/plugin-react": "^4.3.1",
        "autoprefixer": "^10.4.18",
        "eslint": "^8.55.0",
        "eslint-plugin-react-hooks": "^4.6.0",
        "eslint-plugin-react-refresh": "^0.4.5",
        "postcss": "^8.4.35",
        "tailwindcss": "^3.4.1",
        "typescript": "^5.2.2",
        "vite": "^5.4.2"
      }
    },
    "apps/dashboard": {
      "version": "0.0.0",
      "extraneous": true,
      "dependencies": {
        "@supabase/supabase-js": "^2.45.4",
        "i18next": "^23.15.2",
        "i18next-browser-languagedetector": "^8.0.0",
        "lucide-react": "^0.439.0",
        "react": "^18.3.1",
        "react-dom": "^18.3.1",
        "react-helmet-async": "^2.0.5",
        "react-i18next": "^15.0.2",
        "react-router-dom": "^6.26.1"
      },
      "devDependencies": {
        "@eslint/js": "^9.9.0",
        "@types/react": "^18.3.3",
        "@types/react-dom": "^18.3.0",
        "@vitejs/plugin-react": "^4.3.1",
        "autoprefixer": "^10.4.20",
        "eslint": "^9.9.0",
        "eslint-plugin-react-hooks": "^5.1.0-rc.0",
        "eslint-plugin-react-refresh": "^0.4.9",
        "globals": "^15.9.0",
        "postcss": "^8.4.41",
        "tailwindcss": "^3.4.10",
        "typescript": "^5.5.3",
        "vite": "^5.4.1"
      }
    },
    "apps/marketing": {
      "name": "@consulting19/marketing",
      "version": "0.0.0",
      "extraneous": true,
      "dependencies": {
        "@supabase/supabase-js": "^2.45.4",
        "i18next": "^23.15.2",
        "i18next-browser-languagedetector": "^8.0.0",
        "lucide-react": "^0.344.0",
        "react": "^18.3.1",
        "react-dom": "^18.3.1",
        "react-i18next": "^15.0.2",
        "react-router-dom": "^7.8.2"
      },
      "devDependencies": {
        "@types/react": "^18.3.5",
        "@types/react-dom": "^18.3.0",
        "@typescript-eslint/eslint-plugin": "^6.14.0",
        "@typescript-eslint/parser": "^6.14.0",
        "@vitejs/plugin-react": "^4.3.1",
        "autoprefixer": "^10.4.18",
        "eslint": "^8.55.0",
        "eslint-plugin-react-hooks": "^4.6.0",
        "eslint-plugin-react-refresh": "^0.4.5",
        "postcss": "^8.4.35",
        "tailwindcss": "^3.4.1",
        "typescript": "^5.2.2",
        "vite": "^5.4.2"
      }
    },
    "node_modules/@types/node": {
      "version": "20.19.11",
      "resolved": "https://registry.npmjs.org/@types/node/-/node-20.19.11.tgz",
      "integrity": "sha512-uug3FEEGv0r+jrecvUUpbY8lLisvIjg6AAic6a2bSP5OEOLeJsDSnvhCDov7ipFFMXS3orMpzlmi0ZcuGkBbow==",
      "dev": true,
      "license": "MIT",
      "dependencies": {
        "undici-types": "~6.21.0"
      }
    },
    "node_modules/invariant": {
      "version": "2.2.4",
      "resolved": "https://registry.npmjs.org/invariant/-/invariant-2.2.4.tgz",
      "integrity": "sha512-phJfQVBuaJM5raOpJjSfkiD6BpbCE4Ns//LaXl6wGYtUBY83nWS6Rf9tXm2e8VaK60JEjYldbPif/A2B1C2gNA==",
      "license": "MIT",
      "dependencies": {
        "loose-envify": "^1.0.0"
      }
    },
    "node_modules/js-tokens": {
      "version": "4.0.0",
      "resolved": "https://registry.npmjs.org/js-tokens/-/js-tokens-4.0.0.tgz",
      "integrity": "sha512-RdJUflcE3cUzKiMqQgsCu06FPu9UdIJO0beYbPhHN4k6apgJtifcoCtT9bcxOpYBtpD2kCM6Sbzg4CausW/PKQ=="
    },
    "node_modules/loose-envify": {
      "version": "1.4.0",
      "resolved": "https://registry.npmjs.org/loose-envify/-/loose-envify-1.4.0.tgz",
      "integrity": "sha512-lyuxPGr/Wfhrlem2CL/UcnUc1zcqKAImBDzukY7Y5F/yQiNdko6+fRLevlw1HgMySw7f611UIY408EtxRSoK3Q==",
      "dependencies": {
        "js-tokens": "^3.0.0 || ^4.0.0"
      },
      "bin": {
        "loose-envify": "cli.js"
      }
    },
    "node_modules/react": {
      "version": "18.3.1",
      "resolved": "https://registry.npmjs.org/react/-/react-18.3.1.tgz",
      "integrity": "sha512-wS+hAgJShR0KhEvPJArfuPVN1+Hz1t0Y6n5jLrGQbkb4urgPE/0Rve+1kMB1v/oWgHgm4WIcV+i7F2pTVj+2iQ==",
      "peer": true,
      "dependencies": {
        "loose-envify": "^1.1.0"
      },
      "engines": {
        "node": ">=0.10.0"
      }
    },
    "node_modules/react-fast-compare": {
      "version": "3.2.2",
      "resolved": "https://registry.npmjs.org/react-fast-compare/-/react-fast-compare-3.2.2.tgz",
      "integrity": "sha512-nsO+KSNgo1SbJqJEYRE9ERzo7YtYbou/OqjSQKxV7jcKox7+usiUVZOAC+XnDOABXggQTno0Y1CpVnuWEc1boQ==",
      "license": "MIT"
    },
    "node_modules/react-helmet-async": {
      "version": "2.0.5",
      "resolved": "https://registry.npmjs.org/react-helmet-async/-/react-helmet-async-2.0.5.tgz",
      "integrity": "sha512-rYUYHeus+i27MvFE+Jaa4WsyBKGkL6qVgbJvSBoX8mbsWoABJXdEO0bZyi0F6i+4f0NuIb8AvqPMj3iXFHkMwg==",
      "license": "Apache-2.0",
      "dependencies": {
        "invariant": "^2.2.4",
        "react-fast-compare": "^3.2.2",
        "shallowequal": "^1.1.0"
      },
      "peerDependencies": {
        "react": "^16.6.0 || ^17.0.0 || ^18.0.0"
      }
    },
    "node_modules/shallowequal": {
      "version": "1.1.0",
      "resolved": "https://registry.npmjs.org/shallowequal/-/shallowequal-1.1.0.tgz",
      "integrity": "sha512-y0m1JoUZSlPAjXVtPPW70aZWfIL/dSP7AFkRnniLCrK/8MDKog3TySTBmckD+RObVxH0v4Tox67+F14PdED2oQ==",
      "license": "MIT"
    },
    "node_modules/typescript": {
      "version": "5.9.2",
      "resolved": "https://registry.npmjs.org/typescript/-/typescript-5.9.2.tgz",
      "integrity": "sha512-CWBzXQrc/qOkhidw1OzBTQuYRbfyxDXJMVJ1XNwUHGROVmuaeiEm3OslpZ1RV96d7SKKjZKrSJu3+t/xlw3R9A==",
      "dev": true,
      "bin": {
        "tsc": "bin/tsc",
        "tsserver": "bin/tsserver"
      },
      "engines": {
        "node": ">=14.17"
      }
    },
    "node_modules/undici-types": {
      "version": "6.21.0",
      "resolved": "https://registry.npmjs.org/undici-types/-/undici-types-6.21.0.tgz",
      "integrity": "sha512-iwDZqg0QAGrg9Rav5H4n0M64c3mkR59cJ6wQp+7C4nI0gsmExaedaYLNO44eT4AtBBwjbTiGPMlt2Md0T9H9JQ==",
      "dev": true,
      "license": "MIT"
    },
    "packages/shared": {
      "name": "@consulting19/shared",
      "version": "0.0.0",
      "extraneous": true,
      "dependencies": {
        "@consulting19/supabase": "file:../supabase-client",
        "@supabase/supabase-js": "^2.39.0",
        "react": "^18.3.1"
      },
      "devDependencies": {
        "@types/react": "^18.3.5",
        "typescript": "^5.2.2"
      }
    },
    "packages/supabase-client": {
      "name": "@consulting19/supabase",
      "version": "0.0.1",
      "extraneous": true,
      "dependencies": {
        "@supabase/supabase-js": "^2.39.3"
      }
    },
    "packages/ui": {
      "name": "@consulting19/ui",
      "version": "0.0.0",
      "extraneous": true,
      "dependencies": {
        "lucide-react": "^0.344.0",
        "react": "^18.3.1"
      },
      "devDependencies": {
        "@types/react": "^18.3.5",
        "typescript": "^5.2.2"
      },
      "peerDependencies": {
        "react": "^18.3.1"
      }
    }
  }
}
